
Microsoft Visual Studio Solution File, Format Version 12.00
# Visual Studio Version 17
VisualStudioVersion = 17.14.36616.10 d17.14
MinimumVisualStudioVersion = 10.0.40219.1
Project("{FAE04EC0-301F-11D3-BF4B-00C04F79EFBC}") = "Testing", "Testing\Testing.csproj", "{CBB68467-2437-49D6-8CFF-5E6E75225CBA}"
EndProject
Global
	GlobalSection(SolutionConfigurationPlatforms) = preSolution
		Debug|Any CPU = Debug|Any CPU
		Release|Any CPU = Release|Any CPU
	EndGlobalSection
	GlobalSection(ProjectConfigurationPlatforms) = postSolution
		{CBB68467-2437-49D6-8CFF-5E6E75225CBA}.Debug|Any CPU.ActiveCfg = Debug|Any CPU
		{CBB68467-2437-49D6-8CFF-5E6E75225CBA}.Debug|Any CPU.Build.0 = Debug|Any CPU
		{CBB68467-2437-49D6-8CFF-5E6E75225CBA}.Release|Any CPU.ActiveCfg = Release|Any CPU
		{CBB68467-2437-49D6-8CFF-5E6E75225CBA}.Release|Any CPU.Build.0 = Release|Any CPU
	EndGlobalSection
	GlobalSection(SolutionProperties) = preSolution
		HideSolutionNode = FALSE
	EndGlobalSection
	GlobalSection(ExtensibilityGlobals) = postSolution
		SolutionGuid = {B030CB50-96E2-4E7E-B9DC-C56C9FDA0634}
	EndGlobalSection
EndGlobal
